
Microsoft Visual Studio Solution File, Format Version 12.00
# Visual Studio Version 17
VisualStudioVersion = 17.11.35312.102
MinimumVisualStudioVersion = 10.0.40219.1
Project("{9A19103F-16F7-4668-BE54-9A1E7A4F7556}") = "osu.Native", "osu.Native\osu.Native.csproj", "{6467E7A9-DE2C-4960-873E-AB058262FDAE}"
EndProject
Project("{9A19103F-16F7-4668-BE54-9A1E7A4F7556}") = "Testing", "Testing\Testing.csproj", "{AD0D422D-5861-47A1-BEF7-6E21CFB09F6E}"
EndProject
Project("{FAE04EC0-301F-11D3-BF4B-00C04F79EFBC}") = "osu.Native.Bindings", "Bindings\Csharp\osu.Native.Bindings.csproj", "{734D9B16-6DAD-4640-8441-472DDF04AFF3}"
EndProject
Project("{FAE04EC0-301F-11D3-BF4B-00C04F79EFBC}") = "osu.Native.Tests", "osu.Native.Tests\osu.Native.Tests.csproj", "{80B7B796-6D09-437E-A3D8-3B42079954BD}"
EndProject
Global
	GlobalSection(SolutionConfigurationPlatforms) = preSolution
		Debug|Any CPU = Debug|Any CPU
		Release|Any CPU = Release|Any CPU
	EndGlobalSection
	GlobalSection(ProjectConfigurationPlatforms) = postSolution
		{6467E7A9-DE2C-4960-873E-AB058262FDAE}.Debug|Any CPU.ActiveCfg = Debug|Any CPU
		{6467E7A9-DE2C-4960-873E-AB058262FDAE}.Debug|Any CPU.Build.0 = Debug|Any CPU
		{6467E7A9-DE2C-4960-873E-AB058262FDAE}.Release|Any CPU.ActiveCfg = Release|Any CPU
		{6467E7A9-DE2C-4960-873E-AB058262FDAE}.Release|Any CPU.Build.0 = Release|Any CPU
		{AD0D422D-5861-47A1-BEF7-6E21CFB09F6E}.Debug|Any CPU.ActiveCfg = Debug|Any CPU
		{AD0D422D-5861-47A1-BEF7-6E21CFB09F6E}.Debug|Any CPU.Build.0 = Debug|Any CPU
		{AD0D422D-5861-47A1-BEF7-6E21CFB09F6E}.Release|Any CPU.ActiveCfg = Release|Any CPU
		{AD0D422D-5861-47A1-BEF7-6E21CFB09F6E}.Release|Any CPU.Build.0 = Release|Any CPU
		{734D9B16-6DAD-4640-8441-472DDF04AFF3}.Debug|Any CPU.ActiveCfg = Debug|Any CPU
		{734D9B16-6DAD-4640-8441-472DDF04AFF3}.Debug|Any CPU.Build.0 = Debug|Any CPU
		{734D9B16-6DAD-4640-8441-472DDF04AFF3}.Release|Any CPU.ActiveCfg = Release|Any CPU
		{734D9B16-6DAD-4640-8441-472DDF04AFF3}.Release|Any CPU.Build.0 = Release|Any CPU
		{80B7B796-6D09-437E-A3D8-3B42079954BD}.Debug|Any CPU.ActiveCfg = Debug|Any CPU
		{80B7B796-6D09-437E-A3D8-3B42079954BD}.Debug|Any CPU.Build.0 = Debug|Any CPU
		{80B7B796-6D09-437E-A3D8-3B42079954BD}.Release|Any CPU.ActiveCfg = Release|Any CPU
		{80B7B796-6D09-437E-A3D8-3B42079954BD}.Release|Any CPU.Build.0 = Release|Any CPU
	EndGlobalSection
	GlobalSection(SolutionProperties) = preSolution
		HideSolutionNode = FALSE
	EndGlobalSection
	GlobalSection(ExtensibilityGlobals) = postSolution
		SolutionGuid = {221AC7FA-51C5-42CF-A51B-5F51254D07F5}
	EndGlobalSection
EndGlobal
